// !$*UTF8*$!
{
	archiveVersion = 1;
	classes = {
	};
	objectVersion = 56;
	objects = {

/* Begin PBXBuildFile section */
		50B914B22CE16F150042AC8B /* AppDelegate.swift in Sources */ = {isa = PBXBuildFile; fileRef = 50B914B12CE16F150042AC8B /* AppDelegate.swift */; };
		50B914B42CE16F150042AC8B /* SceneDelegate.swift in Sources */ = {isa = PBXBuildFile; fileRef = 50B914B32CE16F150042AC8B /* SceneDelegate.swift */; };
		50B914B62CE16F150042AC8B /* ViewController.swift in Sources */ = {isa = PBXBuildFile; fileRef = 50B914B52CE16F150042AC8B /* ViewController.swift */; };
		50B914B92CE16F150042AC8B /* Main.storyboard in Resources */ = {isa = PBXBuildFile; fileRef = 50B914B72CE16F150042AC8B /* Main.storyboard */; };
		50B914BB2CE16F170042AC8B /* Assets.xcassets in Resources */ = {isa = PBXBuildFile; fileRef = 50B914BA2CE16F170042AC8B /* Assets.xcassets */; };
		50B914BE2CE16F170042AC8B /* LaunchScreen.storyboard in Resources */ = {isa = PBXBuildFile; fileRef = 50B914BC2CE16F170042AC8B /* LaunchScreen.storyboard */; };
		50B914C92CE16F170042AC8B /* ligthTests.swift in Sources */ = {isa = PBXBuildFile; fileRef = 50B914C82CE16F170042AC8B /* ligthTests.swift */; };
		50B914D32CE16F170042AC8B /* ligthUITests.swift in Sources */ = {isa = PBXBuildFile; fileRef = 50B914D22CE16F170042AC8B /* ligthUITests.swift */; };
		50B914D52CE16F170042AC8B /* ligthUITestsLaunchTests.swift in Sources */ = {isa = PBXBuildFile; fileRef = 50B914D42CE16F170042AC8B /* ligthUITestsLaunchTests.swift */; };
/* End PBXBuildFile section */

/* Begin PBXContainerItemProxy section */
		50B914C52CE16F170042AC8B /* PBXContainerItemProxy */ = {
			isa = PBXContainerItemProxy;
			containerPortal = 50B914A62CE16F150042AC8B /* Project object */;
			proxyType = 1;
			remoteGlobalIDString = 50B914AD2CE16F150042AC8B;
			remoteInfo = ligth;
		};
		50B914CF2CE16F170042AC8B /* PBXContainerItemProxy */ = {
			isa = PBXContainerItemProxy;
			containerPortal = 50B914A62CE16F150042AC8B /* Project object */;
			proxyType = 1;
			remoteGlobalIDString = 50B914AD2CE16F150042AC8B;
			remoteInfo = ligth;
		};
/* End PBXContainerItemProxy section */

/* Begin PBXFileReference section */
		50B914AE2CE16F150042AC8B /* ligth.app */ = {isa = PBXFileReference; explicitFileType = wrapper.application; includeInIndex = 0; path = ligth.app; sourceTree = BUILT_PRODUCTS_DIR; };
		50B914B12CE16F150042AC8B /* AppDelegate.swift */ = {isa = PBXFileReference; lastKnownFileType = sourcecode.swift; path = AppDelegate.swift; sourceTree = "<group>"; };
		50B914B32CE16F150042AC8B /* SceneDelegate.swift */ = {isa = PBXFileReference; lastKnownFileType = sourcecode.swift; path = SceneDelegate.swift; sourceTree = "<group>"; };
		50B914B52CE16F150042AC8B /* ViewController.swift */ = {isa = PBXFileReference; lastKnownFileType = sourcecode.swift; path = ViewController.swift; sourceTree = "<group>"; };
		50B914B82CE16F150042AC8B /* Base */ = {isa = PBXFileReference; lastKnownFileType = file.storyboard; name = Base; path = Base.lproj/Main.storyboard; sourceTree = "<group>"; };
		50B914BA2CE16F170042AC8B /* Assets.xcassets */ = {isa = PBXFileReference; lastKnownFileType = folder.assetcatalog; path = Assets.xcassets; sourceTree = "<group>"; };
		50B914BD2CE16F170042AC8B /* Base */ = {isa = PBXFileReference; lastKnownFileType = file.storyboard; name = Base; path = Base.lproj/LaunchScreen.storyboard; sourceTree = "<group>"; };
		50B914BF2CE16F170042AC8B /* Info.plist */ = {isa = PBXFileReference; lastKnownFileType = text.plist.xml; path = Info.plist; sourceTree = "<group>"; };
		50B914C42CE16F170042AC8B /* ligthTests.xctest */ = {isa = PBXFileReference; explicitFileType = wrapper.cfbundle; includeInIndex = 0; path = ligthTests.xctest; sourceTree = BUILT_PRODUCTS_DIR; };
		50B914C82CE16F170042AC8B /* ligthTests.swift */ = {isa = PBXFileReference; lastKnownFileType = sourcecode.swift; path = ligthTests.swift; sourceTree = "<group>"; };
		50B914CE2CE16F170042AC8B /* ligthUITests.xctest */ = {isa = PBXFileReference; explicitFileType = wrapper.cfbundle; includeInIndex = 0; path = ligthUITests.xctest; sourceTree = BUILT_PRODUCTS_DIR; };
		50B914D22CE16F170042AC8B /* ligthUITests.swift */ = {isa = PBXFileReference; lastKnownFileType = sourcecode.swift; path = ligthUITests.swift; sourceTree = "<group>"; };
		50B914D42CE16F170042AC8B /* ligthUITestsLaunchTests.swift */ = {isa = PBXFileReference; lastKnownFileType = sourcecode.swift; path = ligthUITestsLaunchTests.swift; sourceTree = "<group>"; };
/* End PBXFileReference section */

/* Begin PBXFrameworksBuildPhase section */
		50B914AB2CE16F150042AC8B /* Frameworks */ = {
			isa = PBXFrameworksBuildPhase;
			buildActionMask = 2147483647;
			files = (
			);
			runOnlyForDeploymentPostprocessing = 0;
		};
		50B914C12CE16F170042AC8B /* Frameworks */ = {
			isa = PBXFrameworksBuildPhase;
			buildActionMask = 2147483647;
			files = (
			);
			runOnlyForDeploymentPostprocessing = 0;
		};
		50B914CB2CE16F170042AC8B /* Frameworks */ = {
			isa = PBXFrameworksBuildPhase;
			buildActionMask = 2147483647;
			files = (
			);
			runOnlyForDeploymentPostprocessing = 0;
		};
/* End PBXFrameworksBuildPhase section */

/* Begin PBXGroup section */
		50B914A52CE16F150042AC8B = {
			isa = PBXGroup;
			children = (
				50B914B02CE16F150042AC8B /* ligth */,
				50B914C72CE16F170042AC8B /* ligthTests */,
				50B914D12CE16F170042AC8B /* ligthUITests */,
				50B914AF2CE16F150042AC8B /* Products */,
			);
			sourceTree = "<group>";
		};
		50B914AF2CE16F150042AC8B /* Products */ = {
			isa = PBXGroup;
			children = (
				50B914AE2CE16F150042AC8B /* ligth.app */,
				50B914C42CE16F170042AC8B /* ligthTests.xctest */,
				50B914CE2CE16F170042AC8B /* ligthUITests.xctest */,
			);
			name = Products;
			sourceTree = "<group>";
		};
		50B914B02CE16F150042AC8B /* ligth */ = {
			isa = PBXGroup;
			children = (
				50B914B12CE16F150042AC8B /* AppDelegate.swift */,
				50B914B32CE16F150042AC8B /* SceneDelegate.swift */,
				50B914B52CE16F150042AC8B /* ViewController.swift */,
				50B914B72CE16F150042AC8B /* Main.storyboard */,
				50B914BA2CE16F170042AC8B /* Assets.xcassets */,
				50B914BC2CE16F170042AC8B /* LaunchScreen.storyboard */,
				50B914BF2CE16F170042AC8B /* Info.plist */,
			);
			path = ligth;
			sourceTree = "<group>";
		};
		50B914C72CE16F170042AC8B /* ligthTests */ = {
			isa = PBXGroup;
			children = (
				50B914C82CE16F170042AC8B /* ligthTests.swift */,
			);
			path = ligthTests;
			sourceTree = "<group>";
		};
		50B914D12CE16F170042AC8B /* ligthUITests */ = {
			isa = PBXGroup;
			children = (
				50B914D22CE16F170042AC8B /* ligthUITests.swift */,
				50B914D42CE16F170042AC8B /* ligthUITestsLaunchTests.swift */,
			);
			path = ligthUITests;
			sourceTree = "<group>";
		};
/* End PBXGroup section */

/* Begin PBXNativeTarget section */
		50B914AD2CE16F150042AC8B /* ligth */ = {
			isa = PBXNativeTarget;
			buildConfigurationList = 50B914D82CE16F170042AC8B /* Build configuration list for PBXNativeTarget "ligth" */;
			buildPhases = (
				50B914AA2CE16F150042AC8B /* Sources */,
				50B914AB2CE16F150042AC8B /* Frameworks */,
				50B914AC2CE16F150042AC8B /* Resources */,
			);
			buildRules = (
			);
			dependencies = (
			);
			name = ligth;
			productName = ligth;
			productReference = 50B914AE2CE16F150042AC8B /* ligth.app */;
			productType = "com.apple.product-type.application";
		};
		50B914C32CE16F170042AC8B /* ligthTests */ = {
			isa = PBXNativeTarget;
			buildConfigurationList = 50B914DB2CE16F170042AC8B /* Build configuration list for PBXNativeTarget "ligthTests" */;
			buildPhases = (
				50B914C02CE16F170042AC8B /* Sources */,
				50B914C12CE16F170042AC8B /* Frameworks */,
				50B914C22CE16F170042AC8B /* Resources */,
			);
			buildRules = (
			);
			dependencies = (
				50B914C62CE16F170042AC8B /* PBXTargetDependency */,
			);
			name = ligthTests;
			productName = ligthTests;
			productReference = 50B914C42CE16F170042AC8B /* ligthTests.xctest */;
			productType = "com.apple.product-type.bundle.unit-test";
		};
		50B914CD2CE16F170042AC8B /* ligthUITests */ = {
			isa = PBXNativeTarget;
			buildConfigurationList = 50B914DE2CE16F170042AC8B /* Build configuration list for PBXNativeTarget "ligthUITests" */;
			buildPhases = (
				50B914CA2CE16F170042AC8B /* Sources */,
				50B914CB2CE16F170042AC8B /* Frameworks */,
				50B914CC2CE16F170042AC8B /* Resources */,
			);
			buildRules = (
			);
			dependencies = (
				50B914D02CE16F170042AC8B /* PBXTargetDependency */,
			);
			name = ligthUITests;
			productName = ligthUITests;
			productReference = 50B914CE2CE16F170042AC8B /* ligthUITests.xctest */;
			productType = "com.apple.product-type.bundle.ui-testing";
		};
/* End PBXNativeTarget section */

/* Begin PBXProject section */
		50B914A62CE16F150042AC8B /* Project object */ = {
			isa = PBXProject;
			attributes = {
				BuildIndependentTargetsInParallel = 1;
				LastSwiftUpdateCheck = 1520;
				LastUpgradeCheck = 1520;
				TargetAttributes = {
					50B914AD2CE16F150042AC8B = {
						CreatedOnToolsVersion = 15.2;
					};
					50B914C32CE16F170042AC8B = {
						CreatedOnToolsVersion = 15.2;
						TestTargetID = 50B914AD2CE16F150042AC8B;
					};
					50B914CD2CE16F170042AC8B = {
						CreatedOnToolsVersion = 15.2;
						TestTargetID = 50B914AD2CE16F150042AC8B;
					};
				};
			};
			buildConfigurationList = 50B914A92CE16F150042AC8B /* Build configuration list for PBXProject "ligth" */;
			compatibilityVersion = "Xcode 14.0";
			developmentRegion = en;
			hasScannedForEncodings = 0;
			knownRegions = (
				en,
				Base,
			);
			mainGroup = 50B914A52CE16F150042AC8B;
			productRefGroup = 50B914AF2CE16F150042AC8B /* Products */;
			projectDirPath = "";
			projectRoot = "";
			targets = (
				50B914AD2CE16F150042AC8B /* ligth */,
				50B914C32CE16F170042AC8B /* ligthTests */,
				50B914CD2CE16F170042AC8B /* ligthUITests */,
			);
		};
/* End PBXProject section */

/* Begin PBXResourcesBuildPhase section */
		50B914AC2CE16F150042AC8B /* Resources */ = {
			isa = PBXResourcesBuildPhase;
			buildActionMask = 2147483647;
			files = (
				50B914BE2CE16F170042AC8B /* LaunchScreen.storyboard in Resources */,
				50B914BB2CE16F170042AC8B /* Assets.xcassets in Resources */,
				50B914B92CE16F150042AC8B /* Main.storyboard in Resources */,
			);
			runOnlyForDeploymentPostprocessing = 0;
		};
		50B914C22CE16F170042AC8B /* Resources */ = {
			isa = PBXResourcesBuildPhase;
			buildActionMask = 2147483647;
			files = (
			);
			runOnlyForDeploymentPostprocessing = 0;
		};
		50B914CC2CE16F170042AC8B /* Resources */ = {
			isa = PBXResourcesBuildPhase;
			buildActionMask = 2147483647;
			files = (
			);
			runOnlyForDeploymentPostprocessing = 0;
		};
/* End PBXResourcesBuildPhase section */

/* Begin PBXSourcesBuildPhase section */
		50B914AA2CE16F150042AC8B /* Sources */ = {
			isa = PBXSourcesBuildPhase;
			buildActionMask = 2147483647;
			files = (
				50B914B62CE16F150042AC8B /* ViewController.swift in Sources */,
				50B914B22CE16F150042AC8B /* AppDelegate.swift in Sources */,
				50B914B42CE16F150042AC8B /* SceneDelegate.swift in Sources */,
			);
			runOnlyForDeploymentPostprocessing = 0;
		};
		50B914C02CE16F170042AC8B /* Sources */ = {
			isa = PBXSourcesBuildPhase;
			buildActionMask = 2147483647;
			files = (
				50B914C92CE16F170042AC8B /* ligthTests.swift in Sources */,
			);
			runOnlyForDeploymentPostprocessing = 0;
		};
		50B914CA2CE16F170042AC8B /* Sources */ = {
			isa = PBXSourcesBuildPhase;
			buildActionMask = 2147483647;
			files = (
				50B914D32CE16F170042AC8B /* ligthUITests.swift in Sources */,
				50B914D52CE16F170042AC8B /* ligthUITestsLaunchTests.swift in Sources */,
			);
			runOnlyForDeploymentPostprocessing = 0;
		};
/* End PBXSourcesBuildPhase section */

/* Begin PBXTargetDependency section */
		50B914C62CE16F170042AC8B /* PBXTargetDependency */ = {
			isa = PBXTargetDependency;
			target = 50B914AD2CE16F150042AC8B /* ligth */;
			targetProxy = 50B914C52CE16F170042AC8B /* PBXContainerItemProxy */;
		};
		50B914D02CE16F170042AC8B /* PBXTargetDependency */ = {
			isa = PBXTargetDependency;
			target = 50B914AD2CE16F150042AC8B /* ligth */;
			targetProxy = 50B914CF2CE16F170042AC8B /* PBXContainerItemProxy */;
		};
/* End PBXTargetDependency section */

/* Begin PBXVariantGroup section */
		50B914B72CE16F150042AC8B /* Main.storyboard */ = {
			isa = PBXVariantGroup;
			children = (
				50B914B82CE16F150042AC8B /* Base */,
			);
			name = Main.storyboard;
			sourceTree = "<group>";
		};
		50B914BC2CE16F170042AC8B /* LaunchScreen.storyboard */ = {
			isa = PBXVariantGroup;
			children = (
				50B914BD2CE16F170042AC8B /* Base */,
			);
			name = LaunchScreen.storyboard;
			sourceTree = "<group>";
		};
/* End PBXVariantGroup section */

/* Begin XCBuildConfiguration section */
		50B914D62CE16F170042AC8B /* Debug */ = {
			isa = XCBuildConfiguration;
			buildSettings = {
				ALWAYS_SEARCH_USER_PATHS = NO;
				ASSETCATALOG_COMPILER_GENERATE_SWIFT_ASSET_SYMBOL_EXTENSIONS = YES;
				CLANG_ANALYZER_NONNULL = YES;
				CLANG_ANALYZER_NUMBER_OBJECT_CONVERSION = YES_AGGRESSIVE;
				CLANG_CXX_LANGUAGE_STANDARD = "gnu++20";
				CLANG_ENABLE_MODULES = YES;
				CLANG_ENABLE_OBJC_ARC = YES;
				CLANG_ENABLE_OBJC_WEAK = YES;
				CLANG_WARN_BLOCK_CAPTURE_AUTORELEASING = YES;
				CLANG_WARN_BOOL_CONVERSION = YES;
				CLANG_WARN_COMMA = YES;
				CLANG_WARN_CONSTANT_CONVERSION = YES;
				CLANG_WARN_DEPRECATED_OBJC_IMPLEMENTATIONS = YES;
				CLANG_WARN_DIRECT_OBJC_ISA_USAGE = YES_ERROR;
				CLANG_WARN_DOCUMENTATION_COMMENTS = YES;
				CLANG_WARN_EMPTY_BODY = YES;
				CLANG_WARN_ENUM_CONVERSION = YES;
				CLANG_WARN_INFINITE_RECURSION = YES;
				CLANG_WARN_INT_CONVERSION = YES;
				CLANG_WARN_NON_LITERAL_NULL_CONVERSION = YES;
				CLANG_WARN_OBJC_IMPLICIT_RETAIN_SELF = YES;
				CLANG_WARN_OBJC_LITERAL_CONVERSION = YES;
				CLANG_WARN_OBJC_ROOT_CLASS = YES_ERROR;
				CLANG_WARN_QUOTED_INCLUDE_IN_FRAMEWORK_HEADER = YES;
				CLANG_WARN_RANGE_LOOP_ANALYSIS = YES;
				CLANG_WARN_STRICT_PROTOTYPES = YES;
				CLANG_WARN_SUSPICIOUS_MOVE = YES;
				CLANG_WARN_UNGUARDED_AVAILABILITY = YES_AGGRESSIVE;
				CLANG_WARN_UNREACHABLE_CODE = YES;
				CLANG_WARN__DUPLICATE_METHOD_MATCH = YES;
				COPY_PHASE_STRIP = NO;
				DEBUG_INFORMATION_FORMAT = dwarf;
				ENABLE_STRICT_OBJC_MSGSEND = YES;
				ENABLE_TESTABILITY = YES;
				ENABLE_USER_SCRIPT_SANDBOXING = YES;
				GCC_C_LANGUAGE_STANDARD = gnu17;
				GCC_DYNAMIC_NO_PIC = NO;
				GCC_NO_COMMON_BLOCKS = YES;
				GCC_OPTIMIZATION_LEVEL = 0;
				GCC_PREPROCESSOR_DEFINITIONS = (
					"DEBUG=1",
					"$(inherited)",
				);
				GCC_WARN_64_TO_32_BIT_CONVERSION = YES;
				GCC_WARN_ABOUT_RETURN_TYPE = YES_ERROR;
				GCC_WARN_UNDECLARED_SELECTOR = YES;
				GCC_WARN_UNINITIALIZED_AUTOS = YES_AGGRESSIVE;
				GCC_WARN_UNUSED_FUNCTION = YES;
				GCC_WARN_UNUSED_VARIABLE = YES;
				IPHONEOS_DEPLOYMENT_TARGET = 17.2;
				LOCALIZATION_PREFERS_STRING_CATALOGS = YES;
				MTL_ENABLE_DEBUG_INFO = INCLUDE_SOURCE;
				MTL_FAST_MATH = YES;
				ONLY_ACTIVE_ARCH = YES;
				SDKROOT = iphoneos;
				SWIFT_ACTIVE_COMPILATION_CONDITIONS = "DEBUG $(inherited)";
				SWIFT_OPTIMIZATION_LEVEL = "-Onone";
			};
			name = Debug;
		};
		50B914D72CE16F170042AC8B /* Release */ = {
			isa = XCBuildConfiguration;
			buildSettings = {
				ALWAYS_SEARCH_USER_PATHS = NO;
				ASSETCATALOG_COMPILER_GENERATE_SWIFT_ASSET_SYMBOL_EXTENSIONS = YES;
				CLANG_ANALYZER_NONNULL = YES;
				CLANG_ANALYZER_NUMBER_OBJECT_CONVERSION = YES_AGGRESSIVE;
				CLANG_CXX_LANGUAGE_STANDARD = "gnu++20";
				CLANG_ENABLE_MODULES = YES;
				CLANG_ENABLE_OBJC_ARC = YES;
				CLANG_ENABLE_OBJC_WEAK = YES;
				CLANG_WARN_BLOCK_CAPTURE_AUTORELEASING = YES;
				CLANG_WARN_BOOL_CONVERSION = YES;
				CLANG_WARN_COMMA = YES;
				CLANG_WARN_CONSTANT_CONVERSION = YES;
				CLANG_WARN_DEPRECATED_OBJC_IMPLEMENTATIONS = YES;
				CLANG_WARN_DIRECT_OBJC_ISA_USAGE = YES_ERROR;
				CLANG_WARN_DOCUMENTATION_COMMENTS = YES;
				CLANG_WARN_EMPTY_BODY = YES;
				CLANG_WARN_ENUM_CONVERSION = YES;
				CLANG_WARN_INFINITE_RECURSION = YES;
				CLANG_WARN_INT_CONVERSION = YES;
				CLANG_WARN_NON_LITERAL_NULL_CONVERSION = YES;
				CLANG_WARN_OBJC_IMPLICIT_RETAIN_SELF = YES;
				CLANG_WARN_OBJC_LITERAL_CONVERSION = YES;
				CLANG_WARN_OBJC_ROOT_CLASS = YES_ERROR;
				CLANG_WARN_QUOTED_INCLUDE_IN_FRAMEWORK_HEADER = YES;
				CLANG_WARN_RANGE_LOOP_ANALYSIS = YES;
				CLANG_WARN_STRICT_PROTOTYPES = YES;
				CLANG_WARN_SUSPICIOUS_MOVE = YES;
				CLANG_WARN_UNGUARDED_AVAILABILITY = YES_AGGRESSIVE;
				CLANG_WARN_UNREACHABLE_CODE = YES;
				CLANG_WARN__DUPLICATE_METHOD_MATCH = YES;
				COPY_PHASE_STRIP = NO;
				DEBUG_INFORMATION_FORMAT = "dwarf-with-dsym";
				ENABLE_NS_ASSERTIONS = NO;
				ENABLE_STRICT_OBJC_MSGSEND = YES;
				ENABLE_USER_SCRIPT_SANDBOXING = YES;
				GCC_C_LANGUAGE_STANDARD = gnu17;
				GCC_NO_COMMON_BLOCKS = YES;
				GCC_WARN_64_TO_32_BIT_CONVERSION = YES;
				GCC_WARN_ABOUT_RETURN_TYPE = YES_ERROR;
				GCC_WARN_UNDECLARED_SELECTOR = YES;
				GCC_WARN_UNINITIALIZED_AUTOS = YES_AGGRESSIVE;
				GCC_WARN_UNUSED_FUNCTION = YES;
				GCC_WARN_UNUSED_VARIABLE = YES;
				IPHONEOS_DEPLOYMENT_TARGET = 17.2;
				LOCALIZATION_PREFERS_STRING_CATALOGS = YES;
				MTL_ENABLE_DEBUG_INFO = NO;
				MTL_FAST_MATH = YES;
				SDKROOT = iphoneos;
				SWIFT_COMPILATION_MODE = wholemodule;
				VALIDATE_PRODUCT = YES;
			};
			name = Release;
		};
		50B914D92CE16F170042AC8B /* Debug */ = {
			isa = XCBuildConfiguration;
			buildSettings = {
				ASSETCATALOG_COMPILER_APPICON_NAME = AppIcon;
				ASSETCATALOG_COMPILER_GLOBAL_ACCENT_COLOR_NAME = AccentColor;
				CODE_SIGN_STYLE = Automatic;
				CURRENT_PROJECT_VERSION = 1;
				GENERATE_INFOPLIST_FILE = YES;
				INFOPLIST_FILE = ligth/Info.plist;
				INFOPLIST_KEY_UIApplicationSupportsIndirectInputEvents = YES;
				INFOPLIST_KEY_UILaunchStoryboardName = LaunchScreen;
				INFOPLIST_KEY_UIMainStoryboardFile = Main;
				INFOPLIST_KEY_UISupportedInterfaceOrientations_iPad = "UIInterfaceOrientationPortrait UIInterfaceOrientationPortraitUpsideDown UIInterfaceOrientationLandscapeLeft UIInterfaceOrientationLandscapeRight";
				INFOPLIST_KEY_UISupportedInterfaceOrientations_iPhone = "UIInterfaceOrientationPortrait UIInterfaceOrientationLandscapeLeft UIInterfaceOrientationLandscapeRight";
				LD_RUNPATH_SEARCH_PATHS = (
					"$(inherited)",
					"@executable_path/Frameworks",
				);
				MARKETING_VERSION = 1.0;
				PRODUCT_BUNDLE_IDENTIFIER = g.ligth;
				PRODUCT_NAME = "$(TARGET_NAME)";
				SWIFT_EMIT_LOC_STRINGS = YES;
				SWIFT_VERSION = 5.0;
				TARGETED_DEVICE_FAMILY = "1,2";
			};
			name = Debug;
		};
		50B914DA2CE16F170042AC8B /* Release */ = {
			isa = XCBuildConfiguration;
			buildSettings = {
				ASSETCATALOG_COMPILER_APPICON_NAME = AppIcon;
				ASSETCATALOG_COMPILER_GLOBAL_ACCENT_COLOR_NAME = AccentColor;
				CODE_SIGN_STYLE = Automatic;
				CURRENT_PROJECT_VERSION = 1;
				GENERATE_INFOPLIST_FILE = YES;
				INFOPLIST_FILE = ligth/Info.plist;
				INFOPLIST_KEY_UIApplicationSupportsIndirectInputEvents = YES;
				INFOPLIST_KEY_UILaunchStoryboardName = LaunchScreen;
				INFOPLIST_KEY_UIMainStoryboardFile = Main;
				INFOPLIST_KEY_UISupportedInterfaceOrientations_iPad = "UIInterfaceOrientationPortrait UIInterfaceOrientationPortraitUpsideDown UIInterfaceOrientationLandscapeLeft UIInterfaceOrientationLandscapeRight";
				INFOPLIST_KEY_UISupportedInterfaceOrientations_iPhone = "UIInterfaceOrientationPortrait UIInterfaceOrientationLandscapeLeft UIInterfaceOrientationLandscapeRight";
				LD_RUNPATH_SEARCH_PATHS = (
					"$(inherited)",
					"@executable_path/Frameworks",
				);
				MARKETING_VERSION = 1.0;
				PRODUCT_BUNDLE_IDENTIFIER = g.ligth;
				PRODUCT_NAME = "$(TARGET_NAME)";
				SWIFT_EMIT_LOC_STRINGS = YES;
				SWIFT_VERSION = 5.0;
				TARGETED_DEVICE_FAMILY = "1,2";
			};
			name = Release;
		};
		50B914DC2CE16F170042AC8B /* Debug */ = {
			isa = XCBuildConfiguration;
			buildSettings = {
				ALWAYS_EMBED_SWIFT_STANDARD_LIBRARIES = YES;
				BUNDLE_LOADER = "$(TEST_HOST)";
				CODE_SIGN_STYLE = Automatic;
				CURRENT_PROJECT_VERSION = 1;
				GENERATE_INFOPLIST_FILE = YES;
				IPHONEOS_DEPLOYMENT_TARGET = 17.2;
				MARKETING_VERSION = 1.0;
				PRODUCT_BUNDLE_IDENTIFIER = g.ligthTests;
				PRODUCT_NAME = "$(TARGET_NAME)";
				SWIFT_EMIT_LOC_STRINGS = NO;
				SWIFT_VERSION = 5.0;
				TARGETED_DEVICE_FAMILY = "1,2";
				TEST_HOST = "$(BUILT_PRODUCTS_DIR)/ligth.app/$(BUNDLE_EXECUTABLE_FOLDER_PATH)/ligth";
			};
			name = Debug;
		};
		50B914DD2CE16F170042AC8B /* Release */ = {
			isa = XCBuildConfiguration;
			buildSettings = {
				ALWAYS_EMBED_SWIFT_STANDARD_LIBRARIES = YES;
				BUNDLE_LOADER = "$(TEST_HOST)";
				CODE_SIGN_STYLE = Automatic;
				CURRENT_PROJECT_VERSION = 1;
				GENERATE_INFOPLIST_FILE = YES;
				IPHONEOS_DEPLOYMENT_TARGET = 17.2;
				MARKETING_VERSION = 1.0;
				PRODUCT_BUNDLE_IDENTIFIER = g.ligthTests;
				PRODUCT_NAME = "$(TARGET_NAME)";
				SWIFT_EMIT_LOC_STRINGS = NO;
				SWIFT_VERSION = 5.0;
				TARGETED_DEVICE_FAMILY = "1,2";
				TEST_HOST = "$(BUILT_PRODUCTS_DIR)/ligth.app/$(BUNDLE_EXECUTABLE_FOLDER_PATH)/ligth";
			};
			name = Release;
		};
		50B914DF2CE16F170042AC8B /* Debug */ = {
			isa = XCBuildConfiguration;
			buildSettings = {
				ALWAYS_EMBED_SWIFT_STANDARD_LIBRARIES = YES;
				CODE_SIGN_STYLE = Automatic;
				CURRENT_PROJECT_VERSION = 1;
				GENERATE_INFOPLIST_FILE = YES;
				MARKETING_VERSION = 1.0;
				PRODUCT_BUNDLE_IDENTIFIER = g.ligthUITests;
				PRODUCT_NAME = "$(TARGET_NAME)";
				SWIFT_EMIT_LOC_STRINGS = NO;
				SWIFT_VERSION = 5.0;
				TARGETED_DEVICE_FAMILY = "1,2";
				TEST_TARGET_NAME = ligth;
			};
			name = Debug;
		};
		50B914E02CE16F170042AC8B /* Release */ = {
			isa = XCBuildConfiguration;
			buildSettings = {
				ALWAYS_EMBED_SWIFT_STANDARD_LIBRARIES = YES;
				CODE_SIGN_STYLE = Automatic;
				CURRENT_PROJECT_VERSION = 1;
				GENERATE_INFOPLIST_FILE = YES;
				MARKETING_VERSION = 1.0;
				PRODUCT_BUNDLE_IDENTIFIER = g.ligthUITests;
				PRODUCT_NAME = "$(TARGET_NAME)";
				SWIFT_EMIT_LOC_STRINGS = NO;
				SWIFT_VERSION = 5.0;
				TARGETED_DEVICE_FAMILY = "1,2";
				TEST_TARGET_NAME = ligth;
			};
			name = Release;
		};
/* End XCBuildConfiguration section */

/* Begin XCConfigurationList section */
		50B914A92CE16F150042AC8B /* Build configuration list for PBXProject "ligth" */ = {
			isa = XCConfigurationList;
			buildConfigurations = (
				50B914D62CE16F170042AC8B /* Debug */,
				50B914D72CE16F170042AC8B /* Release */,
			);
			defaultConfigurationIsVisible = 0;
			defaultConfigurationName = Release;
		};
		50B914D82CE16F170042AC8B /* Build configuration list for PBXNativeTarget "ligth" */ = {
			isa = XCConfigurationList;
			buildConfigurations = (
				50B914D92CE16F170042AC8B /* Debug */,
				50B914DA2CE16F170042AC8B /* Release */,
			);
			defaultConfigurationIsVisible = 0;
			defaultConfigurationName = Release;
		};
		50B914DB2CE16F170042AC8B /* Build configuration list for PBXNativeTarget "ligthTests" */ = {
			isa = XCConfigurationList;
			buildConfigurations = (
				50B914DC2CE16F170042AC8B /* Debug */,
				50B914DD2CE16F170042AC8B /* Release */,
			);
			defaultConfigurationIsVisible = 0;
			defaultConfigurationName = Release;
		};
		50B914DE2CE16F170042AC8B /* Build configuration list for PBXNativeTarget "ligthUITests" */ = {
			isa = XCConfigurationList;
			buildConfigurations = (
				50B914DF2CE16F170042AC8B /* Debug */,
				50B914E02CE16F170042AC8B /* Release */,
			);
			defaultConfigurationIsVisible = 0;
			defaultConfigurationName = Release;
		};
/* End XCConfigurationList section */
	};
	rootObject = 50B914A62CE16F150042AC8B /* Project object */;
}
