// !$*UTF8*$!
{
	archiveVersion = 1;
	classes = {
	};
	objectVersion = 56;
	objects = {

/* Begin PBXBuildFile section */
		50CA646C2CFBA9A300785DFF /* AppDelegate.swift in Sources */ = {isa = PBXBuildFile; fileRef = 50CA646B2CFBA9A300785DFF /* AppDelegate.swift */; };
		50CA646E2CFBA9A300785DFF /* SceneDelegate.swift in Sources */ = {isa = PBXBuildFile; fileRef = 50CA646D2CFBA9A300785DFF /* SceneDelegate.swift */; };
		50CA64702CFBA9A300785DFF /* ViewController.swift in Sources */ = {isa = PBXBuildFile; fileRef = 50CA646F2CFBA9A300785DFF /* ViewController.swift */; };
		50CA64732CFBA9A300785DFF /* Main.storyboard in Resources */ = {isa = PBXBuildFile; fileRef = 50CA64712CFBA9A300785DFF /* Main.storyboard */; };
		50CA64752CFBA9A500785DFF /* Assets.xcassets in Resources */ = {isa = PBXBuildFile; fileRef = 50CA64742CFBA9A500785DFF /* Assets.xcassets */; };
		50CA64782CFBA9A500785DFF /* LaunchScreen.storyboard in Resources */ = {isa = PBXBuildFile; fileRef = 50CA64762CFBA9A500785DFF /* LaunchScreen.storyboard */; };
		50CA64832CFBA9A500785DFF /* Two_ButtonsTests.swift in Sources */ = {isa = PBXBuildFile; fileRef = 50CA64822CFBA9A500785DFF /* Two_ButtonsTests.swift */; };
		50CA648D2CFBA9A500785DFF /* Two_ButtonsUITests.swift in Sources */ = {isa = PBXBuildFile; fileRef = 50CA648C2CFBA9A500785DFF /* Two_ButtonsUITests.swift */; };
		50CA648F2CFBA9A500785DFF /* Two_ButtonsUITestsLaunchTests.swift in Sources */ = {isa = PBXBuildFile; fileRef = 50CA648E2CFBA9A500785DFF /* Two_ButtonsUITestsLaunchTests.swift */; };
/* End PBXBuildFile section */

/* Begin PBXContainerItemProxy section */
		50CA647F2CFBA9A500785DFF /* PBXContainerItemProxy */ = {
			isa = PBXContainerItemProxy;
			containerPortal = 50CA64602CFBA9A300785DFF /* Project object */;
			proxyType = 1;
			remoteGlobalIDString = 50CA64672CFBA9A300785DFF;
			remoteInfo = "Two Buttons";
		};
		50CA64892CFBA9A500785DFF /* PBXContainerItemProxy */ = {
			isa = PBXContainerItemProxy;
			containerPortal = 50CA64602CFBA9A300785DFF /* Project object */;
			proxyType = 1;
			remoteGlobalIDString = 50CA64672CFBA9A300785DFF;
			remoteInfo = "Two Buttons";
		};
/* End PBXContainerItemProxy section */

/* Begin PBXFileReference section */
		50CA64682CFBA9A300785DFF /* Two Buttons.app */ = {isa = PBXFileReference; explicitFileType = wrapper.application; includeInIndex = 0; path = "Two Buttons.app"; sourceTree = BUILT_PRODUCTS_DIR; };
		50CA646B2CFBA9A300785DFF /* AppDelegate.swift */ = {isa = PBXFileReference; lastKnownFileType = sourcecode.swift; path = AppDelegate.swift; sourceTree = "<group>"; };
		50CA646D2CFBA9A300785DFF /* SceneDelegate.swift */ = {isa = PBXFileReference; lastKnownFileType = sourcecode.swift; path = SceneDelegate.swift; sourceTree = "<group>"; };
		50CA646F2CFBA9A300785DFF /* ViewController.swift */ = {isa = PBXFileReference; lastKnownFileType = sourcecode.swift; path = ViewController.swift; sourceTree = "<group>"; };
		50CA64722CFBA9A300785DFF /* Base */ = {isa = PBXFileReference; lastKnownFileType = file.storyboard; name = Base; path = Base.lproj/Main.storyboard; sourceTree = "<group>"; };
		50CA64742CFBA9A500785DFF /* Assets.xcassets */ = {isa = PBXFileReference; lastKnownFileType = folder.assetcatalog; path = Assets.xcassets; sourceTree = "<group>"; };
		50CA64772CFBA9A500785DFF /* Base */ = {isa = PBXFileReference; lastKnownFileType = file.storyboard; name = Base; path = Base.lproj/LaunchScreen.storyboard; sourceTree = "<group>"; };
		50CA64792CFBA9A500785DFF /* Info.plist */ = {isa = PBXFileReference; lastKnownFileType = text.plist.xml; path = Info.plist; sourceTree = "<group>"; };
		50CA647E2CFBA9A500785DFF /* Two ButtonsTests.xctest */ = {isa = PBXFileReference; explicitFileType = wrapper.cfbundle; includeInIndex = 0; path = "Two ButtonsTests.xctest"; sourceTree = BUILT_PRODUCTS_DIR; };
		50CA64822CFBA9A500785DFF /* Two_ButtonsTests.swift */ = {isa = PBXFileReference; lastKnownFileType = sourcecode.swift; path = Two_ButtonsTests.swift; sourceTree = "<group>"; };
		50CA64882CFBA9A500785DFF /* Two ButtonsUITests.xctest */ = {isa = PBXFileReference; explicitFileType = wrapper.cfbundle; includeInIndex = 0; path = "Two ButtonsUITests.xctest"; sourceTree = BUILT_PRODUCTS_DIR; };
		50CA648C2CFBA9A500785DFF /* Two_ButtonsUITests.swift */ = {isa = PBXFileReference; lastKnownFileType = sourcecode.swift; path = Two_ButtonsUITests.swift; sourceTree = "<group>"; };
		50CA648E2CFBA9A500785DFF /* Two_ButtonsUITestsLaunchTests.swift */ = {isa = PBXFileReference; lastKnownFileType = sourcecode.swift; path = Two_ButtonsUITestsLaunchTests.swift; sourceTree = "<group>"; };
/* End PBXFileReference section */

/* Begin PBXFrameworksBuildPhase section */
		50CA64652CFBA9A300785DFF /* Frameworks */ = {
			isa = PBXFrameworksBuildPhase;
			buildActionMask = 2147483647;
			files = (
			);
			runOnlyForDeploymentPostprocessing = 0;
		};
		50CA647B2CFBA9A500785DFF /* Frameworks */ = {
			isa = PBXFrameworksBuildPhase;
			buildActionMask = 2147483647;
			files = (
			);
			runOnlyForDeploymentPostprocessing = 0;
		};
		50CA64852CFBA9A500785DFF /* Frameworks */ = {
			isa = PBXFrameworksBuildPhase;
			buildActionMask = 2147483647;
			files = (
			);
			runOnlyForDeploymentPostprocessing = 0;
		};
/* End PBXFrameworksBuildPhase section */

/* Begin PBXGroup section */
		50CA645F2CFBA9A300785DFF = {
			isa = PBXGroup;
			children = (
				50CA646A2CFBA9A300785DFF /* Two Buttons */,
				50CA64812CFBA9A500785DFF /* Two ButtonsTests */,
				50CA648B2CFBA9A500785DFF /* Two ButtonsUITests */,
				50CA64692CFBA9A300785DFF /* Products */,
			);
			sourceTree = "<group>";
		};
		50CA64692CFBA9A300785DFF /* Products */ = {
			isa = PBXGroup;
			children = (
				50CA64682CFBA9A300785DFF /* Two Buttons.app */,
				50CA647E2CFBA9A500785DFF /* Two ButtonsTests.xctest */,
				50CA64882CFBA9A500785DFF /* Two ButtonsUITests.xctest */,
			);
			name = Products;
			sourceTree = "<group>";
		};
		50CA646A2CFBA9A300785DFF /* Two Buttons */ = {
			isa = PBXGroup;
			children = (
				50CA646B2CFBA9A300785DFF /* AppDelegate.swift */,
				50CA646D2CFBA9A300785DFF /* SceneDelegate.swift */,
				50CA646F2CFBA9A300785DFF /* ViewController.swift */,
				50CA64712CFBA9A300785DFF /* Main.storyboard */,
				50CA64742CFBA9A500785DFF /* Assets.xcassets */,
				50CA64762CFBA9A500785DFF /* LaunchScreen.storyboard */,
				50CA64792CFBA9A500785DFF /* Info.plist */,
			);
			path = "Two Buttons";
			sourceTree = "<group>";
		};
		50CA64812CFBA9A500785DFF /* Two ButtonsTests */ = {
			isa = PBXGroup;
			children = (
				50CA64822CFBA9A500785DFF /* Two_ButtonsTests.swift */,
			);
			path = "Two ButtonsTests";
			sourceTree = "<group>";
		};
		50CA648B2CFBA9A500785DFF /* Two ButtonsUITests */ = {
			isa = PBXGroup;
			children = (
				50CA648C2CFBA9A500785DFF /* Two_ButtonsUITests.swift */,
				50CA648E2CFBA9A500785DFF /* Two_ButtonsUITestsLaunchTests.swift */,
			);
			path = "Two ButtonsUITests";
			sourceTree = "<group>";
		};
/* End PBXGroup section */

/* Begin PBXNativeTarget section */
		50CA64672CFBA9A300785DFF /* Two Buttons */ = {
			isa = PBXNativeTarget;
			buildConfigurationList = 50CA64922CFBA9A500785DFF /* Build configuration list for PBXNativeTarget "Two Buttons" */;
			buildPhases = (
				50CA64642CFBA9A300785DFF /* Sources */,
				50CA64652CFBA9A300785DFF /* Frameworks */,
				50CA64662CFBA9A300785DFF /* Resources */,
			);
			buildRules = (
			);
			dependencies = (
			);
			name = "Two Buttons";
			productName = "Two Buttons";
			productReference = 50CA64682CFBA9A300785DFF /* Two Buttons.app */;
			productType = "com.apple.product-type.application";
		};
		50CA647D2CFBA9A500785DFF /* Two ButtonsTests */ = {
			isa = PBXNativeTarget;
			buildConfigurationList = 50CA64952CFBA9A500785DFF /* Build configuration list for PBXNativeTarget "Two ButtonsTests" */;
			buildPhases = (
				50CA647A2CFBA9A500785DFF /* Sources */,
				50CA647B2CFBA9A500785DFF /* Frameworks */,
				50CA647C2CFBA9A500785DFF /* Resources */,
			);
			buildRules = (
			);
			dependencies = (
				50CA64802CFBA9A500785DFF /* PBXTargetDependency */,
			);
			name = "Two ButtonsTests";
			productName = "Two ButtonsTests";
			productReference = 50CA647E2CFBA9A500785DFF /* Two ButtonsTests.xctest */;
			productType = "com.apple.product-type.bundle.unit-test";
		};
		50CA64872CFBA9A500785DFF /* Two ButtonsUITests */ = {
			isa = PBXNativeTarget;
			buildConfigurationList = 50CA64982CFBA9A500785DFF /* Build configuration list for PBXNativeTarget "Two ButtonsUITests" */;
			buildPhases = (
				50CA64842CFBA9A500785DFF /* Sources */,
				50CA64852CFBA9A500785DFF /* Frameworks */,
				50CA64862CFBA9A500785DFF /* Resources */,
			);
			buildRules = (
			);
			dependencies = (
				50CA648A2CFBA9A500785DFF /* PBXTargetDependency */,
			);
			name = "Two ButtonsUITests";
			productName = "Two ButtonsUITests";
			productReference = 50CA64882CFBA9A500785DFF /* Two ButtonsUITests.xctest */;
			productType = "com.apple.product-type.bundle.ui-testing";
		};
/* End PBXNativeTarget section */

/* Begin PBXProject section */
		50CA64602CFBA9A300785DFF /* Project object */ = {
			isa = PBXProject;
			attributes = {
				BuildIndependentTargetsInParallel = 1;
				LastSwiftUpdateCheck = 1520;
				LastUpgradeCheck = 1520;
				TargetAttributes = {
					50CA64672CFBA9A300785DFF = {
						CreatedOnToolsVersion = 15.2;
					};
					50CA647D2CFBA9A500785DFF = {
						CreatedOnToolsVersion = 15.2;
						TestTargetID = 50CA64672CFBA9A300785DFF;
					};
					50CA64872CFBA9A500785DFF = {
						CreatedOnToolsVersion = 15.2;
						TestTargetID = 50CA64672CFBA9A300785DFF;
					};
				};
			};
			buildConfigurationList = 50CA64632CFBA9A300785DFF /* Build configuration list for PBXProject "Two Buttons" */;
			compatibilityVersion = "Xcode 14.0";
			developmentRegion = en;
			hasScannedForEncodings = 0;
			knownRegions = (
				en,
				Base,
			);
			mainGroup = 50CA645F2CFBA9A300785DFF;
			productRefGroup = 50CA64692CFBA9A300785DFF /* Products */;
			projectDirPath = "";
			projectRoot = "";
			targets = (
				50CA64672CFBA9A300785DFF /* Two Buttons */,
				50CA647D2CFBA9A500785DFF /* Two ButtonsTests */,
				50CA64872CFBA9A500785DFF /* Two ButtonsUITests */,
			);
		};
/* End PBXProject section */

/* Begin PBXResourcesBuildPhase section */
		50CA64662CFBA9A300785DFF /* Resources */ = {
			isa = PBXResourcesBuildPhase;
			buildActionMask = 2147483647;
			files = (
				50CA64782CFBA9A500785DFF /* LaunchScreen.storyboard in Resources */,
				50CA64752CFBA9A500785DFF /* Assets.xcassets in Resources */,
				50CA64732CFBA9A300785DFF /* Main.storyboard in Resources */,
			);
			runOnlyForDeploymentPostprocessing = 0;
		};
		50CA647C2CFBA9A500785DFF /* Resources */ = {
			isa = PBXResourcesBuildPhase;
			buildActionMask = 2147483647;
			files = (
			);
			runOnlyForDeploymentPostprocessing = 0;
		};
		50CA64862CFBA9A500785DFF /* Resources */ = {
			isa = PBXResourcesBuildPhase;
			buildActionMask = 2147483647;
			files = (
			);
			runOnlyForDeploymentPostprocessing = 0;
		};
/* End PBXResourcesBuildPhase section */

/* Begin PBXSourcesBuildPhase section */
		50CA64642CFBA9A300785DFF /* Sources */ = {
			isa = PBXSourcesBuildPhase;
			buildActionMask = 2147483647;
			files = (
				50CA64702CFBA9A300785DFF /* ViewController.swift in Sources */,
				50CA646C2CFBA9A300785DFF /* AppDelegate.swift in Sources */,
				50CA646E2CFBA9A300785DFF /* SceneDelegate.swift in Sources */,
			);
			runOnlyForDeploymentPostprocessing = 0;
		};
		50CA647A2CFBA9A500785DFF /* Sources */ = {
			isa = PBXSourcesBuildPhase;
			buildActionMask = 2147483647;
			files = (
				50CA64832CFBA9A500785DFF /* Two_ButtonsTests.swift in Sources */,
			);
			runOnlyForDeploymentPostprocessing = 0;
		};
		50CA64842CFBA9A500785DFF /* Sources */ = {
			isa = PBXSourcesBuildPhase;
			buildActionMask = 2147483647;
			files = (
				50CA648D2CFBA9A500785DFF /* Two_ButtonsUITests.swift in Sources */,
				50CA648F2CFBA9A500785DFF /* Two_ButtonsUITestsLaunchTests.swift in Sources */,
			);
			runOnlyForDeploymentPostprocessing = 0;
		};
/* End PBXSourcesBuildPhase section */

/* Begin PBXTargetDependency section */
		50CA64802CFBA9A500785DFF /* PBXTargetDependency */ = {
			isa = PBXTargetDependency;
			target = 50CA64672CFBA9A300785DFF /* Two Buttons */;
			targetProxy = 50CA647F2CFBA9A500785DFF /* PBXContainerItemProxy */;
		};
		50CA648A2CFBA9A500785DFF /* PBXTargetDependency */ = {
			isa = PBXTargetDependency;
			target = 50CA64672CFBA9A300785DFF /* Two Buttons */;
			targetProxy = 50CA64892CFBA9A500785DFF /* PBXContainerItemProxy */;
		};
/* End PBXTargetDependency section */

/* Begin PBXVariantGroup section */
		50CA64712CFBA9A300785DFF /* Main.storyboard */ = {
			isa = PBXVariantGroup;
			children = (
				50CA64722CFBA9A300785DFF /* Base */,
			);
			name = Main.storyboard;
			sourceTree = "<group>";
		};
		50CA64762CFBA9A500785DFF /* LaunchScreen.storyboard */ = {
			isa = PBXVariantGroup;
			children = (
				50CA64772CFBA9A500785DFF /* Base */,
			);
			name = LaunchScreen.storyboard;
			sourceTree = "<group>";
		};
/* End PBXVariantGroup section */

/* Begin XCBuildConfiguration section */
		50CA64902CFBA9A500785DFF /* Debug */ = {
			isa = XCBuildConfiguration;
			buildSettings = {
				ALWAYS_SEARCH_USER_PATHS = NO;
				ASSETCATALOG_COMPILER_GENERATE_SWIFT_ASSET_SYMBOL_EXTENSIONS = YES;
				CLANG_ANALYZER_NONNULL = YES;
				CLANG_ANALYZER_NUMBER_OBJECT_CONVERSION = YES_AGGRESSIVE;
				CLANG_CXX_LANGUAGE_STANDARD = "gnu++20";
				CLANG_ENABLE_MODULES = YES;
				CLANG_ENABLE_OBJC_ARC = YES;
				CLANG_ENABLE_OBJC_WEAK = YES;
				CLANG_WARN_BLOCK_CAPTURE_AUTORELEASING = YES;
				CLANG_WARN_BOOL_CONVERSION = YES;
				CLANG_WARN_COMMA = YES;
				CLANG_WARN_CONSTANT_CONVERSION = YES;
				CLANG_WARN_DEPRECATED_OBJC_IMPLEMENTATIONS = YES;
				CLANG_WARN_DIRECT_OBJC_ISA_USAGE = YES_ERROR;
				CLANG_WARN_DOCUMENTATION_COMMENTS = YES;
				CLANG_WARN_EMPTY_BODY = YES;
				CLANG_WARN_ENUM_CONVERSION = YES;
				CLANG_WARN_INFINITE_RECURSION = YES;
				CLANG_WARN_INT_CONVERSION = YES;
				CLANG_WARN_NON_LITERAL_NULL_CONVERSION = YES;
				CLANG_WARN_OBJC_IMPLICIT_RETAIN_SELF = YES;
				CLANG_WARN_OBJC_LITERAL_CONVERSION = YES;
				CLANG_WARN_OBJC_ROOT_CLASS = YES_ERROR;
				CLANG_WARN_QUOTED_INCLUDE_IN_FRAMEWORK_HEADER = YES;
				CLANG_WARN_RANGE_LOOP_ANALYSIS = YES;
				CLANG_WARN_STRICT_PROTOTYPES = YES;
				CLANG_WARN_SUSPICIOUS_MOVE = YES;
				CLANG_WARN_UNGUARDED_AVAILABILITY = YES_AGGRESSIVE;
				CLANG_WARN_UNREACHABLE_CODE = YES;
				CLANG_WARN__DUPLICATE_METHOD_MATCH = YES;
				COPY_PHASE_STRIP = NO;
				DEBUG_INFORMATION_FORMAT = dwarf;
				ENABLE_STRICT_OBJC_MSGSEND = YES;
				ENABLE_TESTABILITY = YES;
				ENABLE_USER_SCRIPT_SANDBOXING = YES;
				GCC_C_LANGUAGE_STANDARD = gnu17;
				GCC_DYNAMIC_NO_PIC = NO;
				GCC_NO_COMMON_BLOCKS = YES;
				GCC_OPTIMIZATION_LEVEL = 0;
				GCC_PREPROCESSOR_DEFINITIONS = (
					"DEBUG=1",
					"$(inherited)",
				);
				GCC_WARN_64_TO_32_BIT_CONVERSION = YES;
				GCC_WARN_ABOUT_RETURN_TYPE = YES_ERROR;
				GCC_WARN_UNDECLARED_SELECTOR = YES;
				GCC_WARN_UNINITIALIZED_AUTOS = YES_AGGRESSIVE;
				GCC_WARN_UNUSED_FUNCTION = YES;
				GCC_WARN_UNUSED_VARIABLE = YES;
				IPHONEOS_DEPLOYMENT_TARGET = 17.2;
				LOCALIZATION_PREFERS_STRING_CATALOGS = YES;
				MTL_ENABLE_DEBUG_INFO = INCLUDE_SOURCE;
				MTL_FAST_MATH = YES;
				ONLY_ACTIVE_ARCH = YES;
				SDKROOT = iphoneos;
				SWIFT_ACTIVE_COMPILATION_CONDITIONS = "DEBUG $(inherited)";
				SWIFT_OPTIMIZATION_LEVEL = "-Onone";
			};
			name = Debug;
		};
		50CA64912CFBA9A500785DFF /* Release */ = {
			isa = XCBuildConfiguration;
			buildSettings = {
				ALWAYS_SEARCH_USER_PATHS = NO;
				ASSETCATALOG_COMPILER_GENERATE_SWIFT_ASSET_SYMBOL_EXTENSIONS = YES;
				CLANG_ANALYZER_NONNULL = YES;
				CLANG_ANALYZER_NUMBER_OBJECT_CONVERSION = YES_AGGRESSIVE;
				CLANG_CXX_LANGUAGE_STANDARD = "gnu++20";
				CLANG_ENABLE_MODULES = YES;
				CLANG_ENABLE_OBJC_ARC = YES;
				CLANG_ENABLE_OBJC_WEAK = YES;
				CLANG_WARN_BLOCK_CAPTURE_AUTORELEASING = YES;
				CLANG_WARN_BOOL_CONVERSION = YES;
				CLANG_WARN_COMMA = YES;
				CLANG_WARN_CONSTANT_CONVERSION = YES;
				CLANG_WARN_DEPRECATED_OBJC_IMPLEMENTATIONS = YES;
				CLANG_WARN_DIRECT_OBJC_ISA_USAGE = YES_ERROR;
				CLANG_WARN_DOCUMENTATION_COMMENTS = YES;
				CLANG_WARN_EMPTY_BODY = YES;
				CLANG_WARN_ENUM_CONVERSION = YES;
				CLANG_WARN_INFINITE_RECURSION = YES;
				CLANG_WARN_INT_CONVERSION = YES;
				CLANG_WARN_NON_LITERAL_NULL_CONVERSION = YES;
				CLANG_WARN_OBJC_IMPLICIT_RETAIN_SELF = YES;
				CLANG_WARN_OBJC_LITERAL_CONVERSION = YES;
				CLANG_WARN_OBJC_ROOT_CLASS = YES_ERROR;
				CLANG_WARN_QUOTED_INCLUDE_IN_FRAMEWORK_HEADER = YES;
				CLANG_WARN_RANGE_LOOP_ANALYSIS = YES;
				CLANG_WARN_STRICT_PROTOTYPES = YES;
				CLANG_WARN_SUSPICIOUS_MOVE = YES;
				CLANG_WARN_UNGUARDED_AVAILABILITY = YES_AGGRESSIVE;
				CLANG_WARN_UNREACHABLE_CODE = YES;
				CLANG_WARN__DUPLICATE_METHOD_MATCH = YES;
				COPY_PHASE_STRIP = NO;
				DEBUG_INFORMATION_FORMAT = "dwarf-with-dsym";
				ENABLE_NS_ASSERTIONS = NO;
				ENABLE_STRICT_OBJC_MSGSEND = YES;
				ENABLE_USER_SCRIPT_SANDBOXING = YES;
				GCC_C_LANGUAGE_STANDARD = gnu17;
				GCC_NO_COMMON_BLOCKS = YES;
				GCC_WARN_64_TO_32_BIT_CONVERSION = YES;
				GCC_WARN_ABOUT_RETURN_TYPE = YES_ERROR;
				GCC_WARN_UNDECLARED_SELECTOR = YES;
				GCC_WARN_UNINITIALIZED_AUTOS = YES_AGGRESSIVE;
				GCC_WARN_UNUSED_FUNCTION = YES;
				GCC_WARN_UNUSED_VARIABLE = YES;
				IPHONEOS_DEPLOYMENT_TARGET = 17.2;
				LOCALIZATION_PREFERS_STRING_CATALOGS = YES;
				MTL_ENABLE_DEBUG_INFO = NO;
				MTL_FAST_MATH = YES;
				SDKROOT = iphoneos;
				SWIFT_COMPILATION_MODE = wholemodule;
				VALIDATE_PRODUCT = YES;
			};
			name = Release;
		};
		50CA64932CFBA9A500785DFF /* Debug */ = {
			isa = XCBuildConfiguration;
			buildSettings = {
				ASSETCATALOG_COMPILER_APPICON_NAME = AppIcon;
				ASSETCATALOG_COMPILER_GLOBAL_ACCENT_COLOR_NAME = AccentColor;
				CODE_SIGN_STYLE = Automatic;
				CURRENT_PROJECT_VERSION = 1;
				GENERATE_INFOPLIST_FILE = YES;
				INFOPLIST_FILE = "Two Buttons/Info.plist";
				INFOPLIST_KEY_UIApplicationSupportsIndirectInputEvents = YES;
				INFOPLIST_KEY_UILaunchStoryboardName = LaunchScreen;
				INFOPLIST_KEY_UIMainStoryboardFile = Main;
				INFOPLIST_KEY_UISupportedInterfaceOrientations_iPad = "UIInterfaceOrientationPortrait UIInterfaceOrientationPortraitUpsideDown UIInterfaceOrientationLandscapeLeft UIInterfaceOrientationLandscapeRight";
				INFOPLIST_KEY_UISupportedInterfaceOrientations_iPhone = "UIInterfaceOrientationPortrait UIInterfaceOrientationLandscapeLeft UIInterfaceOrientationLandscapeRight";
				LD_RUNPATH_SEARCH_PATHS = (
					"$(inherited)",
					"@executable_path/Frameworks",
				);
				MARKETING_VERSION = 1.0;
				PRODUCT_BUNDLE_IDENTIFIER = "g.Two-Buttons";
				PRODUCT_NAME = "$(TARGET_NAME)";
				SWIFT_EMIT_LOC_STRINGS = YES;
				SWIFT_VERSION = 5.0;
				TARGETED_DEVICE_FAMILY = "1,2";
			};
			name = Debug;
		};
		50CA64942CFBA9A500785DFF /* Release */ = {
			isa = XCBuildConfiguration;
			buildSettings = {
				ASSETCATALOG_COMPILER_APPICON_NAME = AppIcon;
				ASSETCATALOG_COMPILER_GLOBAL_ACCENT_COLOR_NAME = AccentColor;
				CODE_SIGN_STYLE = Automatic;
				CURRENT_PROJECT_VERSION = 1;
				GENERATE_INFOPLIST_FILE = YES;
				INFOPLIST_FILE = "Two Buttons/Info.plist";
				INFOPLIST_KEY_UIApplicationSupportsIndirectInputEvents = YES;
				INFOPLIST_KEY_UILaunchStoryboardName = LaunchScreen;
				INFOPLIST_KEY_UIMainStoryboardFile = Main;
				INFOPLIST_KEY_UISupportedInterfaceOrientations_iPad = "UIInterfaceOrientationPortrait UIInterfaceOrientationPortraitUpsideDown UIInterfaceOrientationLandscapeLeft UIInterfaceOrientationLandscapeRight";
				INFOPLIST_KEY_UISupportedInterfaceOrientations_iPhone = "UIInterfaceOrientationPortrait UIInterfaceOrientationLandscapeLeft UIInterfaceOrientationLandscapeRight";
				LD_RUNPATH_SEARCH_PATHS = (
					"$(inherited)",
					"@executable_path/Frameworks",
				);
				MARKETING_VERSION = 1.0;
				PRODUCT_BUNDLE_IDENTIFIER = "g.Two-Buttons";
				PRODUCT_NAME = "$(TARGET_NAME)";
				SWIFT_EMIT_LOC_STRINGS = YES;
				SWIFT_VERSION = 5.0;
				TARGETED_DEVICE_FAMILY = "1,2";
			};
			name = Release;
		};
		50CA64962CFBA9A500785DFF /* Debug */ = {
			isa = XCBuildConfiguration;
			buildSettings = {
				ALWAYS_EMBED_SWIFT_STANDARD_LIBRARIES = YES;
				BUNDLE_LOADER = "$(TEST_HOST)";
				CODE_SIGN_STYLE = Automatic;
				CURRENT_PROJECT_VERSION = 1;
				GENERATE_INFOPLIST_FILE = YES;
				IPHONEOS_DEPLOYMENT_TARGET = 17.2;
				MARKETING_VERSION = 1.0;
				PRODUCT_BUNDLE_IDENTIFIER = "g.Two-ButtonsTests";
				PRODUCT_NAME = "$(TARGET_NAME)";
				SWIFT_EMIT_LOC_STRINGS = NO;
				SWIFT_VERSION = 5.0;
				TARGETED_DEVICE_FAMILY = "1,2";
				TEST_HOST = "$(BUILT_PRODUCTS_DIR)/Two Buttons.app/$(BUNDLE_EXECUTABLE_FOLDER_PATH)/Two Buttons";
			};
			name = Debug;
		};
		50CA64972CFBA9A500785DFF /* Release */ = {
			isa = XCBuildConfiguration;
			buildSettings = {
				ALWAYS_EMBED_SWIFT_STANDARD_LIBRARIES = YES;
				BUNDLE_LOADER = "$(TEST_HOST)";
				CODE_SIGN_STYLE = Automatic;
				CURRENT_PROJECT_VERSION = 1;
				GENERATE_INFOPLIST_FILE = YES;
				IPHONEOS_DEPLOYMENT_TARGET = 17.2;
				MARKETING_VERSION = 1.0;
				PRODUCT_BUNDLE_IDENTIFIER = "g.Two-ButtonsTests";
				PRODUCT_NAME = "$(TARGET_NAME)";
				SWIFT_EMIT_LOC_STRINGS = NO;
				SWIFT_VERSION = 5.0;
				TARGETED_DEVICE_FAMILY = "1,2";
				TEST_HOST = "$(BUILT_PRODUCTS_DIR)/Two Buttons.app/$(BUNDLE_EXECUTABLE_FOLDER_PATH)/Two Buttons";
			};
			name = Release;
		};
		50CA64992CFBA9A500785DFF /* Debug */ = {
			isa = XCBuildConfiguration;
			buildSettings = {
				ALWAYS_EMBED_SWIFT_STANDARD_LIBRARIES = YES;
				CODE_SIGN_STYLE = Automatic;
				CURRENT_PROJECT_VERSION = 1;
				GENERATE_INFOPLIST_FILE = YES;
				MARKETING_VERSION = 1.0;
				PRODUCT_BUNDLE_IDENTIFIER = "g.Two-ButtonsUITests";
				PRODUCT_NAME = "$(TARGET_NAME)";
				SWIFT_EMIT_LOC_STRINGS = NO;
				SWIFT_VERSION = 5.0;
				TARGETED_DEVICE_FAMILY = "1,2";
				TEST_TARGET_NAME = "Two Buttons";
			};
			name = Debug;
		};
		50CA649A2CFBA9A500785DFF /* Release */ = {
			isa = XCBuildConfiguration;
			buildSettings = {
				ALWAYS_EMBED_SWIFT_STANDARD_LIBRARIES = YES;
				CODE_SIGN_STYLE = Automatic;
				CURRENT_PROJECT_VERSION = 1;
				GENERATE_INFOPLIST_FILE = YES;
				MARKETING_VERSION = 1.0;
				PRODUCT_BUNDLE_IDENTIFIER = "g.Two-ButtonsUITests";
				PRODUCT_NAME = "$(TARGET_NAME)";
				SWIFT_EMIT_LOC_STRINGS = NO;
				SWIFT_VERSION = 5.0;
				TARGETED_DEVICE_FAMILY = "1,2";
				TEST_TARGET_NAME = "Two Buttons";
			};
			name = Release;
		};
/* End XCBuildConfiguration section */

/* Begin XCConfigurationList section */
		50CA64632CFBA9A300785DFF /* Build configuration list for PBXProject "Two Buttons" */ = {
			isa = XCConfigurationList;
			buildConfigurations = (
				50CA64902CFBA9A500785DFF /* Debug */,
				50CA64912CFBA9A500785DFF /* Release */,
			);
			defaultConfigurationIsVisible = 0;
			defaultConfigurationName = Release;
		};
		50CA64922CFBA9A500785DFF /* Build configuration list for PBXNativeTarget "Two Buttons" */ = {
			isa = XCConfigurationList;
			buildConfigurations = (
				50CA64932CFBA9A500785DFF /* Debug */,
				50CA64942CFBA9A500785DFF /* Release */,
			);
			defaultConfigurationIsVisible = 0;
			defaultConfigurationName = Release;
		};
		50CA64952CFBA9A500785DFF /* Build configuration list for PBXNativeTarget "Two ButtonsTests" */ = {
			isa = XCConfigurationList;
			buildConfigurations = (
				50CA64962CFBA9A500785DFF /* Debug */,
				50CA64972CFBA9A500785DFF /* Release */,
			);
			defaultConfigurationIsVisible = 0;
			defaultConfigurationName = Release;
		};
		50CA64982CFBA9A500785DFF /* Build configuration list for PBXNativeTarget "Two ButtonsUITests" */ = {
			isa = XCConfigurationList;
			buildConfigurations = (
				50CA64992CFBA9A500785DFF /* Debug */,
				50CA649A2CFBA9A500785DFF /* Release */,
			);
			defaultConfigurationIsVisible = 0;
			defaultConfigurationName = Release;
		};
/* End XCConfigurationList section */
	};
	rootObject = 50CA64602CFBA9A300785DFF /* Project object */;
}
